dependencies:
- name: postgres
  repository: ""
  version: 1.0.0
- name: kafka
  repository: ""
  version: 1.0.0
- name: shared
  repository: ""
  version: 1.0.0
- name: prometheus
  repository: ""
  version: 1.0.0
digest: sha256:8f69c1e9bed1fd87c1da4297f678ffa7a22dc23c13ac67126bdef9b8a58ed61a
generated: "2025-12-08T12:30:38.751581991Z"
